{
  "name": "@firsttaste/erp",
  "version": "0.0.0",
  "lockfileVersion": 3,
  "requires": true,
  "packages": {
    "": {
      "name": "@firsttaste/erp",
      "version": "0.0.0",
      "license": "UNLICENSED",
      "workspaces": [
        "packages/*",
        "services/*",
        "apps/*",
        "tools/*",
        "spikes/*"
      ],
      "devDependencies": {
        "@types/node": "^22.10.2",
        "typescript": "^5.7.2"
      },
      "engines": {
        "node": ">=22.0.0"
      }
    },
    "apps/console": {
      "name": "@firsttaste/app-console",
      "version": "0.0.0"
    },
    "apps/pos": {
      "name": "@firsttaste/app-pos",
      "version": "0.0.0"
    },
    "node_modules/@firsttaste/app-console": {
      "resolved": "apps/console",
      "link": true
    },
    "node_modules/@firsttaste/app-pos": {
      "resolved": "apps/pos",
      "link": true
    },
    "node_modules/@firsttaste/boundary-check": {
      "resolved": "tools/boundary-check",
      "link": true
    },
    "node_modules/@firsttaste/ci-contract": {
      "resolved": "tools/ci-contract",
      "link": true
    },
    "node_modules/@firsttaste/contracts": {
      "resolved": "packages/contracts",
      "link": true
    },
    "node_modules/@firsttaste/db-check": {
      "resolved": "tools/db-check",
      "link": true
    },
    "node_modules/@firsttaste/prd-extract": {
      "resolved": "tools/prd-extract",
      "link": true
    },
    "node_modules/@firsttaste/req-lint": {
      "resolved": "tools/req-lint",
      "link": true
    },
    "node_modules/@firsttaste/secret-scan": {
      "resolved": "tools/secret-scan",
      "link": true
    },
    "node_modules/@firsttaste/service-identity": {
      "resolved": "services/identity",
      "link": true
    },
    "node_modules/@firsttaste/service-menu": {
      "resolved": "services/menu",
      "link": true
    },
    "node_modules/@firsttaste/service-orders": {
      "resolved": "services/orders",
      "link": true
    },
    "node_modules/@firsttaste/service-payments": {
      "resolved": "services/payments",
      "link": true
    },
    "node_modules/@firsttaste/service-printing": {
      "resolved": "services/printing",
      "link": true
    },
    "node_modules/@firsttaste/service-sync-gateway": {
      "resolved": "services/sync-gateway",
      "link": true
    },
    "node_modules/@firsttaste/spike-callback-engine": {
      "resolved": "spikes/callback-engine",
      "link": true
    },
    "node_modules/@firsttaste/spike-offline-sync": {
      "resolved": "spikes/offline-sync",
      "link": true
    },
    "node_modules/@firsttaste/spike-payment-reconciliation": {
      "resolved": "spikes/payment-reconciliation",
      "link": true
    },
    "node_modules/@firsttaste/spike-print-queue": {
      "resolved": "spikes/print-queue",
      "link": true
    },
    "node_modules/@firsttaste/spike-rating-statistics": {
      "resolved": "spikes/rating-statistics",
      "link": true
    },
    "node_modules/@firsttaste/spike-shift-conflict": {
      "resolved": "spikes/shift-conflict",
      "link": true
    },
    "node_modules/@firsttaste/spike-zatca-counter-chain": {
      "resolved": "spikes/zatca-counter-chain",
      "link": true
    },
    "node_modules/@types/node": {
      "version": "22.20.3",
      "resolved": "https://registry.npmjs.org/@types/node/-/node-22.20.3.tgz",
      "integrity": "sha512-DZmzkmwHzXrLPAXPyKNDzlIwMMUZCVacoD25ywdy5YTKGbOx/2ld+Q38Im2zJ0vBuZP5Prd3VZutKZyXwkOS8A==",
      "dev": true,
      "license": "MIT",
      "dependencies": {
        "undici-types": "~6.21.0"
      }
    },
    "node_modules/typescript": {
      "version": "5.9.3",
      "resolved": "https://registry.npmjs.org/typescript/-/typescript-5.9.3.tgz",
      "integrity": "sha512-jl1vZzPDinLr9eUt3J/t7V6FgNEw9QjvBPdysz9KfQDD41fQrC2Y4vKQdiaUpFT4bXlb1RHhLpp8wtm6M5TgSw==",
      "dev": true,
      "license": "Apache-2.0",
      "bin": {
        "tsc": "bin/tsc",
        "tsserver": "bin/tsserver"
      },
      "engines": {
        "node": ">=14.17"
      }
    },
    "node_modules/undici-types": {
      "version": "6.21.0",
      "resolved": "https://registry.npmjs.org/undici-types/-/undici-types-6.21.0.tgz",
      "integrity": "sha512-iwDZqg0QAGrg9Rav5H4n0M64c3mkR59cJ6wQp+7C4nI0gsmExaedaYLNO44eT4AtBBwjbTiGPMlt2Md0T9H9JQ==",
      "dev": true,
      "license": "MIT"
    },
    "packages/contracts": {
      "name": "@firsttaste/contracts",
      "version": "0.0.0"
    },
    "services/identity": {
      "name": "@firsttaste/service-identity",
      "version": "0.0.0"
    },
    "services/menu": {
      "name": "@firsttaste/service-menu",
      "version": "0.0.0"
    },
    "services/orders": {
      "name": "@firsttaste/service-orders",
      "version": "0.0.0"
    },
    "services/payments": {
      "name": "@firsttaste/service-payments",
      "version": "0.0.0"
    },
    "services/printing": {
      "name": "@firsttaste/service-printing",
      "version": "0.0.0"
    },
    "services/sync-gateway": {
      "name": "@firsttaste/service-sync-gateway",
      "version": "0.0.0"
    },
    "spikes/callback-engine": {
      "name": "@firsttaste/spike-callback-engine",
      "version": "0.0.0"
    },
    "spikes/offline-sync": {
      "name": "@firsttaste/spike-offline-sync",
      "version": "0.0.0"
    },
    "spikes/payment-reconciliation": {
      "name": "@firsttaste/spike-payment-reconciliation",
      "version": "0.0.0"
    },
    "spikes/print-queue": {
      "name": "@firsttaste/spike-print-queue",
      "version": "0.0.0"
    },
    "spikes/rating-statistics": {
      "name": "@firsttaste/spike-rating-statistics",
      "version": "0.0.0"
    },
    "spikes/shift-conflict": {
      "name": "@firsttaste/spike-shift-conflict",
      "version": "0.0.0"
    },
    "spikes/zatca-counter-chain": {
      "name": "@firsttaste/spike-zatca-counter-chain",
      "version": "0.0.0"
    },
    "tools/boundary-check": {
      "name": "@firsttaste/boundary-check",
      "version": "0.0.0"
    },
    "tools/ci-contract": {
      "name": "@firsttaste/ci-contract",
      "version": "0.0.0"
    },
    "tools/db-check": {
      "name": "@firsttaste/db-check",
      "version": "0.0.0"
    },
    "tools/prd-extract": {
      "name": "@firsttaste/prd-extract",
      "version": "0.0.0"
    },
    "tools/req-lint": {
      "name": "@firsttaste/req-lint",
      "version": "0.0.0"
    },
    "tools/secret-scan": {
      "name": "@firsttaste/secret-scan",
      "version": "0.0.0"
    }
  }
}
